PODS:
  - AFNetworking (3.1.0):
    - AFNetworking/NSURLSession (= 3.1.0)
    - AFNetworking/Reachability (= 3.1.0)
    - AFNetworking/Security (= 3.1.0)
    - AFNetworking/Serialization (= 3.1.0)
    - AFNetworking/UIKit (= 3.1.0)
  - AFNetworking/NSURLSession (3.1.0):
    - AFNetworking/Reachability
    - AFNetworking/Security
    - AFNetworking/Serialization
  - AFNetworking/Reachability (3.1.0)
  - AFNetworking/Security (3.1.0)
  - AFNetworking/Serialization (3.1.0)
  - AFNetworking/UIKit (3.1.0):
    - AFNetworking/NSURLSession
  - BarrageRenderer (1.8.1)
  - BlocksKit (2.2.5):
    - BlocksKit/All (= 2.2.5)
  - BlocksKit/All (2.2.5):
    - BlocksKit/Core
    - BlocksKit/DynamicDelegate
    - BlocksKit/MessageUI
    - BlocksKit/UIKit
  - BlocksKit/Core (2.2.5)
  - BlocksKit/DynamicDelegate (2.2.5)
  - BlocksKit/MessageUI (2.2.5):
    - BlocksKit/Core
    - BlocksKit/DynamicDelegate
  - BlocksKit/UIKit (2.2.5):
    - BlocksKit/Core
    - BlocksKit/DynamicDelegate
  - GPUImage (0.1.7)
  - HappyDNS (0.3.10)
  - IQKeyboardManager (3.3.7)
  - LSStatusBarHUD (1.0.1)
  - Masonry (1.0.2)
  - MJExtension (3.0.13)
  - MJRefresh (3.1.12)
  - MSWeakTimer (1.1.0)
  - pili-librtmp (1.0.6)
  - PLMediaStreamingKit (2.1.6):
    - HappyDNS (= 0.3.10)
    - pili-librtmp (= 1.0.6)
    - PLMediaStreamingKit/Common (= 2.1.6)
    - PLMediaStreamingKit/PLCameraStreamingKit (= 2.1.6)
    - PLMediaStreamingKit/PLMediaStreamingKit (= 2.1.6)
    - PLMediaStreamingKit/PLRTCStreamingKit (= 2.1.6)
    - PLMediaStreamingKit/PLStreamingKit (= 2.1.6)
    - QNNetDiag (= 0.0.3)
  - PLMediaStreamingKit/Common (2.1.6):
    - HappyDNS (= 0.3.10)
    - pili-librtmp (= 1.0.6)
    - QNNetDiag (= 0.0.3)
  - PLMediaStreamingKit/PLCameraStreamingKit (2.1.6):
    - HappyDNS (= 0.3.10)
    - pili-librtmp (= 1.0.6)
    - PLMediaStreamingKit/PLStreamingKit
    - QNNetDiag (= 0.0.3)
  - PLMediaStreamingKit/PLMediaStreamingKit (2.1.6):
    - HappyDNS (= 0.3.10)
    - pili-librtmp (= 1.0.6)
    - PLMediaStreamingKit/PLCameraStreamingKit
    - PLMediaStreamingKit/PLRTCStreamingKit
    - QNNetDiag (= 0.0.3)
  - PLMediaStreamingKit/PLRTCStreamingKit (2.1.6):
    - HappyDNS (= 0.3.10)
    - pili-librtmp (= 1.0.6)
    - PLMediaStreamingKit/PLStreamingKit
    - QNNetDiag (= 0.0.3)
  - PLMediaStreamingKit/PLStreamingKit (2.1.6):
    - HappyDNS (= 0.3.10)
    - pili-librtmp (= 1.0.6)
    - PLMediaStreamingKit/Common
    - QNNetDiag (= 0.0.3)
  - Qiniu (7.2.3):
    - HappyDNS (~> 0.3)
  - QNNetDiag (0.0.3)
  - RongCloudIMLib (2.7.3.1)
  - SDWebImage (3.8.1):
    - SDWebImage/Core (= 3.8.1)
  - SDWebImage/Core (3.8.1)
  - UMengAnalytics (4.1.10)
  - UMengUShare/Core (6.2.1):
    - UMengUShare/Network
  - UMengUShare/Network (6.2.1)
  - UMengUShare/Social/QQ (6.2.1):
    - UMengUShare/Core
  - UMengUShare/Social/Sina (6.2.1):
    - UMengUShare/Core
  - UMengUShare/Social/SMS (6.2.1):
    - UMengUShare/Core
  - UMengUShare/Social/WeChat (6.2.1):
    - UMengUShare/Core
  - UMengUShare/UI (6.2.1):
    - UMengUShare/Core
  - XXNibBridge (2.3.1)

DEPENDENCIES:
  - AFNetworking
  - BarrageRenderer (~> 1.8.0)
  - BlocksKit
  - GPUImage
  - IQKeyboardManager (= 3.3.7)
  - LSStatusBarHUD
  - Masonry
  - MJExtension
  - MJRefresh
  - MSWeakTimer
  - PLMediaStreamingKit
  - Qiniu
  - RongCloudIMLib
  - SDWebImage
  - UMengAnalytics
  - UMengUShare/Social/QQ
  - UMengUShare/Social/Sina
  - UMengUShare/Social/SMS
  - UMengUShare/Social/WeChat
  - UMengUShare/UI
  - XXNibBridge

SPEC CHECKSUMS:
  AFNetworking: 5e0e199f73d8626b11e79750991f5d173d1f8b67
  BarrageRenderer: a5dc2c9d38028be819b64ed2b7dfa240490b378a
  BlocksKit: 7f422b971407001178d181a43b99014ea2591fe6
  GPUImage: 733a5f0fab92df9de1c37ba9df520a833ccb406d
  HappyDNS: 06a9fed2796663fd87626dbf02552933265bf059
  IQKeyboardManager: 249c3946acf61345c18b038eb50863fe2793e3a8
  LSStatusBarHUD: c87fc71f288c16cd777045fa74652125207ac65f
  Masonry: 7c429b56da9d4ee0bbb3ed77a5ea710d6a5df39e
  MJExtension: 5932755f451458eefa24239358817f8d291240c7
  MJRefresh: b96cdb21c4aa75a7b07654311ab2f315c497e806
  MSWeakTimer: 9426150f933b80ed3acf3f6d228e4b61f0e303c8
  pili-librtmp: da10df0e835f135a75696cef429cc306773dd6f6
  PLMediaStreamingKit: 64427cb01e454fede4b6d4b85df93d7279ca9ab1
  Qiniu: ae0fea1cc379fae1560d8748ac537e0fbeb8626e
  QNNetDiag: 90727185d3cdd4f62f92b7f9b7d586451cf745d1
  RongCloudIMLib: f12607ef8e6d84e08e1411bed0fc4879383747b4
  SDWebImage: 35f9627a3e44b4f292a8a8ce6a531fa488239b91
  UMengAnalytics: 40585031b7eb085534c68a951b394731e7166257
  UMengUShare: 583ac067e747c66429d5063896da0e77c4fe7688
  XXNibBridge: addb780e6db076eb2c61716aa60b176a6799b80f

PODFILE CHECKSUM: c361a2b700c7db8eff0ac34c080bcc38d9d53c8c

COCOAPODS: 1.3.1
